// !$*UTF8*$!
{
	archiveVersion = 1;
	classes = {
	};
	objectVersion = 56;
	objects = {

/* Begin PBXBuildFile section */
		95A660C42C6F740300FCFA38 /* ManSwordApp.swift in Sources */ = {isa = PBXBuildFile; fileRef = 95A660C32C6F740300FCFA38 /* ManSwordApp.swift */; };
		95A660C62C6F740300FCFA38 /* ContentView.swift in Sources */ = {isa = PBXBuildFile; fileRef = 95A660C52C6F740300FCFA38 /* ContentView.swift */; };
		95A660F12C6F854300FCFA38 /* SwordTest.swift in Sources */ = {isa = PBXBuildFile; fileRef = 95A660ED2C6F854200FCFA38 /* SwordTest.swift */; };
		95A660F22C6F854300FCFA38 /* ClubTest.swift in Sources */ = {isa = PBXBuildFile; fileRef = 95A660EE2C6F854200FCFA38 /* ClubTest.swift */; };
		95A660F32C6F854300FCFA38 /* LeadHeroTest.swift in Sources */ = {isa = PBXBuildFile; fileRef = 95A660EF2C6F854200FCFA38 /* LeadHeroTest.swift */; };
		95A660F42C6F854300FCFA38 /* MyHeroTest.swift in Sources */ = {isa = PBXBuildFile; fileRef = 95A660F02C6F854300FCFA38 /* MyHeroTest.swift */; };
		95A660FB2C6F856000FCFA38 /* Auxiliary.swift in Sources */ = {isa = PBXBuildFile; fileRef = 95A660F72C6F856000FCFA38 /* Auxiliary.swift */; };
		95A660FC2C6F856000FCFA38 /* LeadHero.swift in Sources */ = {isa = PBXBuildFile; fileRef = 95A660F82C6F856000FCFA38 /* LeadHero.swift */; };
		95A660FD2C6F856000FCFA38 /* MyHero.swift in Sources */ = {isa = PBXBuildFile; fileRef = 95A660F92C6F856000FCFA38 /* MyHero.swift */; };
/* End PBXBuildFile section */

/* Begin PBXContainerItemProxy section */
		95A660D12C6F740500FCFA38 /* PBXContainerItemProxy */ = {
			isa = PBXContainerItemProxy;
			containerPortal = 95A660B82C6F740300FCFA38 /* Project object */;
			proxyType = 1;
			remoteGlobalIDString = 95A660BF2C6F740300FCFA38;
			remoteInfo = ManSword;
		};
/* End PBXContainerItemProxy section */

/* Begin PBXFileReference section */
		95A660C02C6F740300FCFA38 /* ManSword.app */ = {isa = PBXFileReference; explicitFileType = wrapper.application; includeInIndex = 0; path = ManSword.app; sourceTree = BUILT_PRODUCTS_DIR; };
		95A660C32C6F740300FCFA38 /* ManSwordApp.swift */ = {isa = PBXFileReference; lastKnownFileType = sourcecode.swift; path = ManSwordApp.swift; sourceTree = "<group>"; };
		95A660C52C6F740300FCFA38 /* ContentView.swift */ = {isa = PBXFileReference; lastKnownFileType = sourcecode.swift; path = ContentView.swift; sourceTree = "<group>"; };
		95A660D02C6F740500FCFA38 /* ManSwordTests.xctest */ = {isa = PBXFileReference; explicitFileType = wrapper.cfbundle; includeInIndex = 0; path = ManSwordTests.xctest; sourceTree = BUILT_PRODUCTS_DIR; };
		95A660ED2C6F854200FCFA38 /* SwordTest.swift */ = {isa = PBXFileReference; fileEncoding = 4; lastKnownFileType = sourcecode.swift; path = SwordTest.swift; sourceTree = "<group>"; };
		95A660EE2C6F854200FCFA38 /* ClubTest.swift */ = {isa = PBXFileReference; fileEncoding = 4; lastKnownFileType = sourcecode.swift; path = ClubTest.swift; sourceTree = "<group>"; };
		95A660EF2C6F854200FCFA38 /* LeadHeroTest.swift */ = {isa = PBXFileReference; fileEncoding = 4; lastKnownFileType = sourcecode.swift; path = LeadHeroTest.swift; sourceTree = "<group>"; };
		95A660F02C6F854300FCFA38 /* MyHeroTest.swift */ = {isa = PBXFileReference; fileEncoding = 4; lastKnownFileType = sourcecode.swift; path = MyHeroTest.swift; sourceTree = "<group>"; };
		95A660F72C6F856000FCFA38 /* Auxiliary.swift */ = {isa = PBXFileReference; fileEncoding = 4; lastKnownFileType = sourcecode.swift; path = Auxiliary.swift; sourceTree = "<group>"; };
		95A660F82C6F856000FCFA38 /* LeadHero.swift */ = {isa = PBXFileReference; fileEncoding = 4; lastKnownFileType = sourcecode.swift; path = LeadHero.swift; sourceTree = "<group>"; };
		95A660F92C6F856000FCFA38 /* MyHero.swift */ = {isa = PBXFileReference; fileEncoding = 4; lastKnownFileType = sourcecode.swift; path = MyHero.swift; sourceTree = "<group>"; };
/* End PBXFileReference section */

/* Begin PBXFrameworksBuildPhase section */
		95A660BD2C6F740300FCFA38 /* Frameworks */ = {
			isa = PBXFrameworksBuildPhase;
			buildActionMask = 2147483647;
			files = (
			);
			runOnlyForDeploymentPostprocessing = 0;
		};
		95A660CD2C6F740500FCFA38 /* Frameworks */ = {
			isa = PBXFrameworksBuildPhase;
			buildActionMask = 2147483647;
			files = (
			);
			runOnlyForDeploymentPostprocessing = 0;
		};
/* End PBXFrameworksBuildPhase section */

/* Begin PBXGroup section */
		95A660B72C6F740300FCFA38 = {
			isa = PBXGroup;
			children = (
				95A660C22C6F740300FCFA38 /* ManSword */,
				95A660D32C6F740500FCFA38 /* ManSwordTests */,
				95A660C12C6F740300FCFA38 /* Products */,
			);
			sourceTree = "<group>";
		};
		95A660C12C6F740300FCFA38 /* Products */ = {
			isa = PBXGroup;
			children = (
				95A660C02C6F740300FCFA38 /* ManSword.app */,
				95A660D02C6F740500FCFA38 /* ManSwordTests.xctest */,
			);
			name = Products;
			sourceTree = "<group>";
		};
		95A660C22C6F740300FCFA38 /* ManSword */ = {
			isa = PBXGroup;
			children = (
				95A660C32C6F740300FCFA38 /* ManSwordApp.swift */,
				95A660C52C6F740300FCFA38 /* ContentView.swift */,
				95A660FA2C6F856000FCFA38 /* BusinessLogic */,
			);
			path = ManSword;
			sourceTree = "<group>";
		};
		95A660D32C6F740500FCFA38 /* ManSwordTests */ = {
			isa = PBXGroup;
			children = (
				95A660EE2C6F854200FCFA38 /* ClubTest.swift */,
				95A660EF2C6F854200FCFA38 /* LeadHeroTest.swift */,
				95A660F02C6F854300FCFA38 /* MyHeroTest.swift */,
				95A660ED2C6F854200FCFA38 /* SwordTest.swift */,
			);
			path = ManSwordTests;
			sourceTree = "<group>";
		};
		95A660FA2C6F856000FCFA38 /* BusinessLogic */ = {
			isa = PBXGroup;
			children = (
				95A660F72C6F856000FCFA38 /* Auxiliary.swift */,
				95A660F82C6F856000FCFA38 /* LeadHero.swift */,
				95A660F92C6F856000FCFA38 /* MyHero.swift */,
			);
			path = BusinessLogic;
			sourceTree = "<group>";
		};
/* End PBXGroup section */

/* Begin PBXNativeTarget section */
		95A660BF2C6F740300FCFA38 /* ManSword */ = {
			isa = PBXNativeTarget;
			buildConfigurationList = 95A660E42C6F740500FCFA38 /* Build configuration list for PBXNativeTarget "ManSword" */;
			buildPhases = (
				95A660BC2C6F740300FCFA38 /* Sources */,
				95A660BD2C6F740300FCFA38 /* Frameworks */,
				95A660BE2C6F740300FCFA38 /* Resources */,
			);
			buildRules = (
			);
			dependencies = (
			);
			name = ManSword;
			productName = ManSword;
			productReference = 95A660C02C6F740300FCFA38 /* ManSword.app */;
			productType = "com.apple.product-type.application";
		};
		95A660CF2C6F740500FCFA38 /* ManSwordTests */ = {
			isa = PBXNativeTarget;
			buildConfigurationList = 95A660E72C6F740500FCFA38 /* Build configuration list for PBXNativeTarget "ManSwordTests" */;
			buildPhases = (
				95A660CC2C6F740500FCFA38 /* Sources */,
				95A660CD2C6F740500FCFA38 /* Frameworks */,
				95A660CE2C6F740500FCFA38 /* Resources */,
			);
			buildRules = (
			);
			dependencies = (
				95A660D22C6F740500FCFA38 /* PBXTargetDependency */,
			);
			name = ManSwordTests;
			productName = ManSwordTests;
			productReference = 95A660D02C6F740500FCFA38 /* ManSwordTests.xctest */;
			productType = "com.apple.product-type.bundle.unit-test";
		};
/* End PBXNativeTarget section */

/* Begin PBXProject section */
		95A660B82C6F740300FCFA38 /* Project object */ = {
			isa = PBXProject;
			attributes = {
				BuildIndependentTargetsInParallel = 1;
				LastSwiftUpdateCheck = 1540;
				LastUpgradeCheck = 1540;
				TargetAttributes = {
					95A660BF2C6F740300FCFA38 = {
						CreatedOnToolsVersion = 15.4;
					};
					95A660CF2C6F740500FCFA38 = {
						CreatedOnToolsVersion = 15.4;
						TestTargetID = 95A660BF2C6F740300FCFA38;
					};
				};
			};
			buildConfigurationList = 95A660BB2C6F740300FCFA38 /* Build configuration list for PBXProject "ManSword" */;
			compatibilityVersion = "Xcode 14.0";
			developmentRegion = en;
			hasScannedForEncodings = 0;
			knownRegions = (
				en,
				Base,
			);
			mainGroup = 95A660B72C6F740300FCFA38;
			productRefGroup = 95A660C12C6F740300FCFA38 /* Products */;
			projectDirPath = "";
			projectRoot = "";
			targets = (
				95A660BF2C6F740300FCFA38 /* ManSword */,
				95A660CF2C6F740500FCFA38 /* ManSwordTests */,
			);
		};
/* End PBXProject section */

/* Begin PBXResourcesBuildPhase section */
		95A660BE2C6F740300FCFA38 /* Resources */ = {
			isa = PBXResourcesBuildPhase;
			buildActionMask = 2147483647;
			files = (
			);
			runOnlyForDeploymentPostprocessing = 0;
		};
		95A660CE2C6F740500FCFA38 /* Resources */ = {
			isa = PBXResourcesBuildPhase;
			buildActionMask = 2147483647;
			files = (
			);
			runOnlyForDeploymentPostprocessing = 0;
		};
/* End PBXResourcesBuildPhase section */

/* Begin PBXSourcesBuildPhase section */
		95A660BC2C6F740300FCFA38 /* Sources */ = {
			isa = PBXSourcesBuildPhase;
			buildActionMask = 2147483647;
			files = (
				95A660C62C6F740300FCFA38 /* ContentView.swift in Sources */,
				95A660FC2C6F856000FCFA38 /* LeadHero.swift in Sources */,
				95A660C42C6F740300FCFA38 /* ManSwordApp.swift in Sources */,
				95A660FB2C6F856000FCFA38 /* Auxiliary.swift in Sources */,
				95A660FD2C6F856000FCFA38 /* MyHero.swift in Sources */,
			);
			runOnlyForDeploymentPostprocessing = 0;
		};
		95A660CC2C6F740500FCFA38 /* Sources */ = {
			isa = PBXSourcesBuildPhase;
			buildActionMask = 2147483647;
			files = (
				95A660F22C6F854300FCFA38 /* ClubTest.swift in Sources */,
				95A660F32C6F854300FCFA38 /* LeadHeroTest.swift in Sources */,
				95A660F12C6F854300FCFA38 /* SwordTest.swift in Sources */,
				95A660F42C6F854300FCFA38 /* MyHeroTest.swift in Sources */,
			);
			runOnlyForDeploymentPostprocessing = 0;
		};
/* End PBXSourcesBuildPhase section */

/* Begin PBXTargetDependency section */
		95A660D22C6F740500FCFA38 /* PBXTargetDependency */ = {
			isa = PBXTargetDependency;
			target = 95A660BF2C6F740300FCFA38 /* ManSword */;
			targetProxy = 95A660D12C6F740500FCFA38 /* PBXContainerItemProxy */;
		};
/* End PBXTargetDependency section */

/* Begin XCBuildConfiguration section */
		95A660E22C6F740500FCFA38 /* Debug */ = {
			isa = XCBuildConfiguration;
			buildSettings = {
				ALWAYS_SEARCH_USER_PATHS = NO;
				ASSETCATALOG_COMPILER_GENERATE_SWIFT_ASSET_SYMBOL_EXTENSIONS = YES;
				CLANG_ANALYZER_NONNULL = YES;
				CLANG_ANALYZER_NUMBER_OBJECT_CONVERSION = YES_AGGRESSIVE;
				CLANG_CXX_LANGUAGE_STANDARD = "gnu++20";
				CLANG_ENABLE_MODULES = YES;
				CLANG_ENABLE_OBJC_ARC = YES;
				CLANG_ENABLE_OBJC_WEAK = YES;
				CLANG_WARN_BLOCK_CAPTURE_AUTORELEASING = YES;
				CLANG_WARN_BOOL_CONVERSION = YES;
				CLANG_WARN_COMMA = YES;
				CLANG_WARN_CONSTANT_CONVERSION = YES;
				CLANG_WARN_DEPRECATED_OBJC_IMPLEMENTATIONS = YES;
				CLANG_WARN_DIRECT_OBJC_ISA_USAGE = YES_ERROR;
				CLANG_WARN_DOCUMENTATION_COMMENTS = YES;
				CLANG_WARN_EMPTY_BODY = YES;
				CLANG_WARN_ENUM_CONVERSION = YES;
				CLANG_WARN_INFINITE_RECURSION = YES;
				CLANG_WARN_INT_CONVERSION = YES;
				CLANG_WARN_NON_LITERAL_NULL_CONVERSION = YES;
				CLANG_WARN_OBJC_IMPLICIT_RETAIN_SELF = YES;
				CLANG_WARN_OBJC_LITERAL_CONVERSION = YES;
				CLANG_WARN_OBJC_ROOT_CLASS = YES_ERROR;
				CLANG_WARN_QUOTED_INCLUDE_IN_FRAMEWORK_HEADER = YES;
				CLANG_WARN_RANGE_LOOP_ANALYSIS = YES;
				CLANG_WARN_STRICT_PROTOTYPES = YES;
				CLANG_WARN_SUSPICIOUS_MOVE = YES;
				CLANG_WARN_UNGUARDED_AVAILABILITY = YES_AGGRESSIVE;
				CLANG_WARN_UNREACHABLE_CODE = YES;
				CLANG_WARN__DUPLICATE_METHOD_MATCH = YES;
				COPY_PHASE_STRIP = NO;
				DEBUG_INFORMATION_FORMAT = dwarf;
				ENABLE_STRICT_OBJC_MSGSEND = YES;
				ENABLE_TESTABILITY = YES;
				ENABLE_USER_SCRIPT_SANDBOXING = YES;
				GCC_C_LANGUAGE_STANDARD = gnu17;
				GCC_DYNAMIC_NO_PIC = NO;
				GCC_NO_COMMON_BLOCKS = YES;
				GCC_OPTIMIZATION_LEVEL = 0;
				GCC_PREPROCESSOR_DEFINITIONS = (
					"DEBUG=1",
					"$(inherited)",
				);
				GCC_WARN_64_TO_32_BIT_CONVERSION = YES;
				GCC_WARN_ABOUT_RETURN_TYPE = YES_ERROR;
				GCC_WARN_UNDECLARED_SELECTOR = YES;
				GCC_WARN_UNINITIALIZED_AUTOS = YES_AGGRESSIVE;
				GCC_WARN_UNUSED_FUNCTION = YES;
				GCC_WARN_UNUSED_VARIABLE = YES;
				IPHONEOS_DEPLOYMENT_TARGET = 17.5;
				LOCALIZATION_PREFERS_STRING_CATALOGS = YES;
				MTL_ENABLE_DEBUG_INFO = INCLUDE_SOURCE;
				MTL_FAST_MATH = YES;
				ONLY_ACTIVE_ARCH = YES;
				SDKROOT = iphoneos;
				SWIFT_ACTIVE_COMPILATION_CONDITIONS = "DEBUG $(inherited)";
				SWIFT_OPTIMIZATION_LEVEL = "-Onone";
			};
			name = Debug;
		};
		95A660E32C6F740500FCFA38 /* Release */ = {
			isa = XCBuildConfiguration;
			buildSettings = {
				ALWAYS_SEARCH_USER_PATHS = NO;
				ASSETCATALOG_COMPILER_GENERATE_SWIFT_ASSET_SYMBOL_EXTENSIONS = YES;
				CLANG_ANALYZER_NONNULL = YES;
				CLANG_ANALYZER_NUMBER_OBJECT_CONVERSION = YES_AGGRESSIVE;
				CLANG_CXX_LANGUAGE_STANDARD = "gnu++20";
				CLANG_ENABLE_MODULES = YES;
				CLANG_ENABLE_OBJC_ARC = YES;
				CLANG_ENABLE_OBJC_WEAK = YES;
				CLANG_WARN_BLOCK_CAPTURE_AUTORELEASING = YES;
				CLANG_WARN_BOOL_CONVERSION = YES;
				CLANG_WARN_COMMA = YES;
				CLANG_WARN_CONSTANT_CONVERSION = YES;
				CLANG_WARN_DEPRECATED_OBJC_IMPLEMENTATIONS = YES;
				CLANG_WARN_DIRECT_OBJC_ISA_USAGE = YES_ERROR;
				CLANG_WARN_DOCUMENTATION_COMMENTS = YES;
				CLANG_WARN_EMPTY_BODY = YES;
				CLANG_WARN_ENUM_CONVERSION = YES;
				CLANG_WARN_INFINITE_RECURSION = YES;
				CLANG_WARN_INT_CONVERSION = YES;
				CLANG_WARN_NON_LITERAL_NULL_CONVERSION = YES;
				CLANG_WARN_OBJC_IMPLICIT_RETAIN_SELF = YES;
				CLANG_WARN_OBJC_LITERAL_CONVERSION = YES;
				CLANG_WARN_OBJC_ROOT_CLASS = YES_ERROR;
				CLANG_WARN_QUOTED_INCLUDE_IN_FRAMEWORK_HEADER = YES;
				CLANG_WARN_RANGE_LOOP_ANALYSIS = YES;
				CLANG_WARN_STRICT_PROTOTYPES = YES;
				CLANG_WARN_SUSPICIOUS_MOVE = YES;
				CLANG_WARN_UNGUARDED_AVAILABILITY = YES_AGGRESSIVE;
				CLANG_WARN_UNREACHABLE_CODE = YES;
				CLANG_WARN__DUPLICATE_METHOD_MATCH = YES;
				COPY_PHASE_STRIP = NO;
				DEBUG_INFORMATION_FORMAT = "dwarf-with-dsym";
				ENABLE_NS_ASSERTIONS = NO;
				ENABLE_STRICT_OBJC_MSGSEND = YES;
				ENABLE_USER_SCRIPT_SANDBOXING = YES;
				GCC_C_LANGUAGE_STANDARD = gnu17;
				GCC_NO_COMMON_BLOCKS = YES;
				GCC_WARN_64_TO_32_BIT_CONVERSION = YES;
				GCC_WARN_ABOUT_RETURN_TYPE = YES_ERROR;
				GCC_WARN_UNDECLARED_SELECTOR = YES;
				GCC_WARN_UNINITIALIZED_AUTOS = YES_AGGRESSIVE;
				GCC_WARN_UNUSED_FUNCTION = YES;
				GCC_WARN_UNUSED_VARIABLE = YES;
				IPHONEOS_DEPLOYMENT_TARGET = 17.5;
				LOCALIZATION_PREFERS_STRING_CATALOGS = YES;
				MTL_ENABLE_DEBUG_INFO = NO;
				MTL_FAST_MATH = YES;
				SDKROOT = iphoneos;
				SWIFT_COMPILATION_MODE = wholemodule;
				VALIDATE_PRODUCT = YES;
			};
			name = Release;
		};
		95A660E52C6F740500FCFA38 /* Debug */ = {
			isa = XCBuildConfiguration;
			buildSettings = {
				ASSETCATALOG_COMPILER_APPICON_NAME = AppIcon;
				ASSETCATALOG_COMPILER_GLOBAL_ACCENT_COLOR_NAME = AccentColor;
				CODE_SIGN_STYLE = Automatic;
				CURRENT_PROJECT_VERSION = 1;
				DEVELOPMENT_ASSET_PATHS = "";
				ENABLE_PREVIEWS = YES;
				GENERATE_INFOPLIST_FILE = YES;
				INFOPLIST_KEY_UIApplicationSceneManifest_Generation = YES;
				INFOPLIST_KEY_UIApplicationSupportsIndirectInputEvents = YES;
				INFOPLIST_KEY_UILaunchScreen_Generation = YES;
				INFOPLIST_KEY_UISupportedInterfaceOrientations = UIInterfaceOrientationPortrait;
				LD_RUNPATH_SEARCH_PATHS = (
					"$(inherited)",
					"@executable_path/Frameworks",
				);
				MARKETING_VERSION = 1.0;
				PRODUCT_BUNDLE_IDENTIFIER = example.ManSword;
				PRODUCT_NAME = "$(TARGET_NAME)";
				SWIFT_EMIT_LOC_STRINGS = YES;
				SWIFT_VERSION = 5.0;
				TARGETED_DEVICE_FAMILY = "1,2";
			};
			name = Debug;
		};
		95A660E62C6F740500FCFA38 /* Release */ = {
			isa = XCBuildConfiguration;
			buildSettings = {
				ASSETCATALOG_COMPILER_APPICON_NAME = AppIcon;
				ASSETCATALOG_COMPILER_GLOBAL_ACCENT_COLOR_NAME = AccentColor;
				CODE_SIGN_STYLE = Automatic;
				CURRENT_PROJECT_VERSION = 1;
				DEVELOPMENT_ASSET_PATHS = "";
				ENABLE_PREVIEWS = YES;
				GENERATE_INFOPLIST_FILE = YES;
				INFOPLIST_KEY_UIApplicationSceneManifest_Generation = YES;
				INFOPLIST_KEY_UIApplicationSupportsIndirectInputEvents = YES;
				INFOPLIST_KEY_UILaunchScreen_Generation = YES;
				INFOPLIST_KEY_UISupportedInterfaceOrientations = UIInterfaceOrientationPortrait;
				LD_RUNPATH_SEARCH_PATHS = (
					"$(inherited)",
					"@executable_path/Frameworks",
				);
				MARKETING_VERSION = 1.0;
				PRODUCT_BUNDLE_IDENTIFIER = example.ManSword;
				PRODUCT_NAME = "$(TARGET_NAME)";
				SWIFT_EMIT_LOC_STRINGS = YES;
				SWIFT_VERSION = 5.0;
				TARGETED_DEVICE_FAMILY = "1,2";
			};
			name = Release;
		};
		95A660E82C6F740500FCFA38 /* Debug */ = {
			isa = XCBuildConfiguration;
			buildSettings = {
				ALWAYS_EMBED_SWIFT_STANDARD_LIBRARIES = YES;
				BUNDLE_LOADER = "$(TEST_HOST)";
				CODE_SIGN_STYLE = Automatic;
				CURRENT_PROJECT_VERSION = 1;
				GENERATE_INFOPLIST_FILE = YES;
				IPHONEOS_DEPLOYMENT_TARGET = 17.5;
				MARKETING_VERSION = 1.0;
				PRODUCT_BUNDLE_IDENTIFIER = example.ManSwordTests;
				PRODUCT_NAME = "$(TARGET_NAME)";
				SWIFT_EMIT_LOC_STRINGS = NO;
				SWIFT_VERSION = 5.0;
				TARGETED_DEVICE_FAMILY = "1,2";
				TEST_HOST = "$(BUILT_PRODUCTS_DIR)/ManSword.app/$(BUNDLE_EXECUTABLE_FOLDER_PATH)/ManSword";
			};
			name = Debug;
		};
		95A660E92C6F740500FCFA38 /* Release */ = {
			isa = XCBuildConfiguration;
			buildSettings = {
				ALWAYS_EMBED_SWIFT_STANDARD_LIBRARIES = YES;
				BUNDLE_LOADER = "$(TEST_HOST)";
				CODE_SIGN_STYLE = Automatic;
				CURRENT_PROJECT_VERSION = 1;
				GENERATE_INFOPLIST_FILE = YES;
				IPHONEOS_DEPLOYMENT_TARGET = 17.5;
				MARKETING_VERSION = 1.0;
				PRODUCT_BUNDLE_IDENTIFIER = example.ManSwordTests;
				PRODUCT_NAME = "$(TARGET_NAME)";
				SWIFT_EMIT_LOC_STRINGS = NO;
				SWIFT_VERSION = 5.0;
				TARGETED_DEVICE_FAMILY = "1,2";
				TEST_HOST = "$(BUILT_PRODUCTS_DIR)/ManSword.app/$(BUNDLE_EXECUTABLE_FOLDER_PATH)/ManSword";
			};
			name = Release;
		};
/* End XCBuildConfiguration section */

/* Begin XCConfigurationList section */
		95A660BB2C6F740300FCFA38 /* Build configuration list for PBXProject "ManSword" */ = {
			isa = XCConfigurationList;
			buildConfigurations = (
				95A660E22C6F740500FCFA38 /* Debug */,
				95A660E32C6F740500FCFA38 /* Release */,
			);
			defaultConfigurationIsVisible = 0;
			defaultConfigurationName = Release;
		};
		95A660E42C6F740500FCFA38 /* Build configuration list for PBXNativeTarget "ManSword" */ = {
			isa = XCConfigurationList;
			buildConfigurations = (
				95A660E52C6F740500FCFA38 /* Debug */,
				95A660E62C6F740500FCFA38 /* Release */,
			);
			defaultConfigurationIsVisible = 0;
			defaultConfigurationName = Release;
		};
		95A660E72C6F740500FCFA38 /* Build configuration list for PBXNativeTarget "ManSwordTests" */ = {
			isa = XCConfigurationList;
			buildConfigurations = (
				95A660E82C6F740500FCFA38 /* Debug */,
				95A660E92C6F740500FCFA38 /* Release */,
			);
			defaultConfigurationIsVisible = 0;
			defaultConfigurationName = Release;
		};
/* End XCConfigurationList section */
	};
	rootObject = 95A660B82C6F740300FCFA38 /* Project object */;
}
